
Microsoft Visual Studio Solution File, Format Version 12.00
# Visual Studio Version 17
VisualStudioVersion = 17.14.36705.20
MinimumVisualStudioVersion = 10.0.40219.1
Project("{8BC9CEB8-8B4A-11D0-8D11-00A0C91BC942}") = "FisrtCode", "FisrtCode\FisrtCode.vcxproj", "{2559DD64-A3DA-4EFE-A2E5-DFACAFE1C5E9}"
EndProject
Project("{8BC9CEB8-8B4A-11D0-8D11-00A0C91BC942}") = "VariablesInCpp", "VariablesInCpp\VariablesInCpp.vcxproj", "{88258B05-EDCC-478A-9721-AC78140A9F11}"
EndProject
Project("{8BC9CEB8-8B4A-11D0-8D11-00A0C91BC942}") = "VariablesInCpp2", "VariablesInCpp2\VariablesInCpp2.vcxproj", "{E3CBE857-FD1A-4E76-A176-07E11827F2D9}"
EndProject
Project("{8BC9CEB8-8B4A-11D0-8D11-00A0C91BC942}") = "VariablesInCpp3", "VariablesInCpp3\VariablesInCpp3.vcxproj", "{7D80A1C3-4BCB-4803-A3C9-EB12F0DD3631}"
EndProject
Project("{8BC9CEB8-8B4A-11D0-8D11-00A0C91BC942}") = "IncrementAndDecrementVariables", "IncrementAndDecrementVariables\IncrementAndDecrementVariables.vcxproj", "{D85B9261-ABAB-4392-AE6B-662A6649461A}"
EndProject
Project("{8BC9CEB8-8B4A-11D0-8D11-00A0C91BC942}") = "ReversingVariableValues", "ReversingVariableValues\ReversingVariableValues.vcxproj", "{9AE29658-EB99-4F6B-8399-999317110142}"
EndProject
Project("{8BC9CEB8-8B4A-11D0-8D11-00A0C91BC942}") = "IfElseDecisionStatement", "IfElseDecisionStatement\IfElseDecisionStatement.vcxproj", "{E2D9C20C-A0E4-4846-B8B3-CA6610A330CE}"
EndProject
Project("{8BC9CEB8-8B4A-11D0-8D11-00A0C91BC942}") = "IfElseDecisionStatement2", "IfElseDecisionStatement2\IfElseDecisionStatement2.vcxproj", "{DBF00A52-9211-4538-961B-E371E834F434}"
EndProject
Project("{8BC9CEB8-8B4A-11D0-8D11-00A0C91BC942}") = "TernaryOperator", "TernaryOperator\TernaryOperator.vcxproj", "{6E5C0F54-0547-49AB-A577-3D84252B5ACD}"
EndProject
Project("{8BC9CEB8-8B4A-11D0-8D11-00A0C91BC942}") = "SwitchCase", "SwitchCade\SwitchCade.vcxproj", "{BD3C8228-43FA-40EC-98D8-B20F42CFD2E7}"
EndProject
Project("{8BC9CEB8-8B4A-11D0-8D11-00A0C91BC942}") = "DoWhile", "DoWhile\DoWhile.vcxproj", "{63C1DAC7-208A-419D-ABE3-6831C8AAEBCC}"
EndProject
Project("{8BC9CEB8-8B4A-11D0-8D11-00A0C91BC942}") = "FORLoop", "FORLoop\FORLoop.vcxproj", "{C9FD5CED-D5C9-46A7-A4A3-2BF9B5B05F77}"
EndProject
Project("{8BC9CEB8-8B4A-11D0-8D11-00A0C91BC942}") = "ArrayAndVector", "ArrayAndVector\ArrayAndVector.vcxproj", "{4868B3AB-D4A8-41E7-AE66-CF67B394E9FB}"
EndProject
Project("{8BC9CEB8-8B4A-11D0-8D11-00A0C91BC942}") = "TicTacToe", "TicTacToe\TicTacToe.vcxproj", "{FF66250D-300A-4C5E-B8FF-6DE4DA311D6F}"
EndProject
Project("{8BC9CEB8-8B4A-11D0-8D11-00A0C91BC942}") = "Pointer", "Pointer\Pointer.vcxproj", "{52E75E51-A2B2-45FF-8013-89310DAD6BAD}"
EndProject
Project("{8BC9CEB8-8B4A-11D0-8D11-00A0C91BC942}") = "FunctionVoid", "FunctionVoid\FunctionVoid.vcxproj", "{0F1D37CC-2807-4513-AB23-A5BF03B1EF19}"
EndProject
Project("{8BC9CEB8-8B4A-11D0-8D11-00A0C91BC942}") = "FunctionInt", "FunctionInt\FunctionInt.vcxproj", "{19FC7253-A039-479D-B63A-1877218FE338}"
EndProject
Project("{8BC9CEB8-8B4A-11D0-8D11-00A0C91BC942}") = "DynamicMemoryAllocation", "DynamicMemoryAllocation\DynamicMemoryAllocation.vcxproj", "{B9C0AED5-B780-40DD-BB42-A863107F4604}"
EndProject
Project("{8BC9CEB8-8B4A-11D0-8D11-00A0C91BC942}") = "DynamicMemoryAllocation2", "DynamicMemoryAllocation2\DynamicMemoryAllocation2.vcxproj", "{F52AD8FC-EB04-485A-A516-74D008AF9167}"
EndProject
Project("{8BC9CEB8-8B4A-11D0-8D11-00A0C91BC942}") = "DynamicMemoryAllocation3", "DynamicMemoryAllocation3\DynamicMemoryAllocation3.vcxproj", "{B7F8C9AA-EA2A-4286-9BBA-BA23A23EAA42}"
EndProject
Project("{8BC9CEB8-8B4A-11D0-8D11-00A0C91BC942}") = "DynamicMemoryAllocation4", "DynamicMemoryAllocation4\DynamicMemoryAllocation4.vcxproj", "{B2C42529-38F0-4ED2-B1DB-D38BC26F10A2}"
EndProject
Project("{8BC9CEB8-8B4A-11D0-8D11-00A0C91BC942}") = "Struct", "Struct\Struct.vcxproj", "{5933C790-0976-4681-A14D-E2520D93BC01}"
EndProject
Project("{8BC9CEB8-8B4A-11D0-8D11-00A0C91BC942}") = "StructWithStruct", "StructWithStruct\StructWithStruct.vcxproj", "{168AAE7A-3EC4-4B2F-9FCF-A32609E45865}"
EndProject
Project("{8BC9CEB8-8B4A-11D0-8D11-00A0C91BC942}") = "StructWithStruct2", "StructWithStruct2\StructWithStruct2.vcxproj", "{A1A59DE1-E220-4F9A-B159-27B01F6FE72F}"
EndProject
Project("{8BC9CEB8-8B4A-11D0-8D11-00A0C91BC942}") = "EnteringDateIntoFIles", "EnteringDateIntoFIles\EnteringDateIntoFIles.vcxproj", "{05EF6A2B-371F-46E9-8631-6E116074F989}"
EndProject
Project("{8BC9CEB8-8B4A-11D0-8D11-00A0C91BC942}") = "ReadingDataFromFiles", "ReadingDataFromFiles\ReadingDataFromFiles.vcxproj", "{BC69A6AF-A400-430E-B07B-F924785D94BF}"
EndProject
Project("{8BC9CEB8-8B4A-11D0-8D11-00A0C91BC942}") = "ReadingDataFromFiles2", "ReadingDataFromFiles2\ReadingDataFromFiles2.vcxproj", "{D3D9C7DF-1025-42D8-958D-DE54F0BF9E76}"
EndProject
Project("{8BC9CEB8-8B4A-11D0-8D11-00A0C91BC942}") = "CleaningDataFromFile", "CleaningDataFromFile\CleaningDataFromFile.vcxproj", "{B17901E4-DC67-4005-A1D5-28473EC303B0}"
EndProject
Project("{8BC9CEB8-8B4A-11D0-8D11-00A0C91BC942}") = "SimpleSearch", "SimpleSearch\SimpleSearch.vcxproj", "{A6B78579-E263-43C1-A2E2-BA247E016716}"
EndProject
Project("{8BC9CEB8-8B4A-11D0-8D11-00A0C91BC942}") = "PushToStack", "PushToStack\PushToStack.vcxproj", "{A3D5211E-58A7-4F3F-BB1E-8AD14F430398}"
EndProject
Project("{8BC9CEB8-8B4A-11D0-8D11-00A0C91BC942}") = "PopToStack", "PopToStack\PopToStack.vcxproj", "{B71927BA-E197-4838-B594-4A341F240387}"
EndProject
Project("{8BC9CEB8-8B4A-11D0-8D11-00A0C91BC942}") = "Queue", "Queue\Queue.vcxproj", "{A0599189-DC21-4186-A02A-5955F9D018DE}"
EndProject
Project("{8BC9CEB8-8B4A-11D0-8D11-00A0C91BC942}") = "Queue2", "Queue2\Queue2.vcxproj", "{64268A94-4169-4A96-946D-12A2EC46D346}"
EndProject
Project("{8BC9CEB8-8B4A-11D0-8D11-00A0C91BC942}") = "ArgcAndArgv", "ArgcAndArgv\ArgcAndArgv.vcxproj", "{E9959EA4-2C68-4DF2-BB79-39800AEF1967}"
EndProject
Project("{8BC9CEB8-8B4A-11D0-8D11-00A0C91BC942}") = "FunctioOverload", "FunctioOverload\FunctioOverload.vcxproj", "{3A4E1132-F166-4F2E-AEA5-E88801F029BA}"
EndProject
Project("{8BC9CEB8-8B4A-11D0-8D11-00A0C91BC942}") = "OmissionOfArgumentsAndDefaultArguments", "OmissionOfArgumentsAndDefaultArguments\OmissionOfArgumentsAndDefaultArguments.vcxproj", "{8610E307-9EDB-4EA6-9545-9F3B88609F91}"
EndProject
Project("{8BC9CEB8-8B4A-11D0-8D11-00A0C91BC942}") = "Enum", "Enum\Enum.vcxproj", "{D4E886FC-6175-4A07-8DE2-0BDE5097E83D}"
EndProject
Project("{8BC9CEB8-8B4A-11D0-8D11-00A0C91BC942}") = "BufferCleaning", "BufferCleaning\BufferCleaning.vcxproj", "{7132714D-A857-4F06-AB10-D269EA7EA0A0}"
EndProject
Project("{8BC9CEB8-8B4A-11D0-8D11-00A0C91BC942}") = "Stack", "Stack\Stack.vcxproj", "{973BE8E5-D21E-4292-A609-BA0AEBEDF9AD}"
EndProject
Project("{8BC9CEB8-8B4A-11D0-8D11-00A0C91BC942}") = "Queue3", "Queue3\Queue3.vcxproj", "{3C612E95-3FA2-491C-A3D4-8FFA5D0B4A21}"
EndProject
Project("{8BC9CEB8-8B4A-11D0-8D11-00A0C91BC942}") = "List", "List\List.vcxproj", "{2E6ED952-662A-423B-9800-E1B4C5041A3C}"
EndProject
Project("{8BC9CEB8-8B4A-11D0-8D11-00A0C91BC942}") = "Struct2", "Struct2\Struct2.vcxproj", "{15D0C549-9263-4C00-990D-7E93CDA9FFD6}"
EndProject
Project("{8BC9CEB8-8B4A-11D0-8D11-00A0C91BC942}") = "Struct3", "Struct3\Struct3.vcxproj", "{3B4B925E-41A2-4703-9BF3-7B7BA32B7EF8}"
EndProject
Project("{8BC9CEB8-8B4A-11D0-8D11-00A0C91BC942}") = "Struct4", "Struct4\Struct4.vcxproj", "{7C745B92-7A41-45E5-A9A1-3B5BD793BBA3}"
EndProject
Project("{8BC9CEB8-8B4A-11D0-8D11-00A0C91BC942}") = "Pointer2", "Pointer2\Pointer2.vcxproj", "{2B51C973-4BC5-41C3-88F9-359CA1A32AE9}"
EndProject
Project("{8BC9CEB8-8B4A-11D0-8D11-00A0C91BC942}") = "Pointer3", "Pointer3\Pointer3.vcxproj", "{53D3A706-CEF4-4618-9FC5-070F6530F53D}"
EndProject
Project("{8BC9CEB8-8B4A-11D0-8D11-00A0C91BC942}") = "Pointer4", "Pointer4\Pointer4.vcxproj", "{6458AD66-5C01-430B-BF55-52A78F0A35ED}"
EndProject
Project("{8BC9CEB8-8B4A-11D0-8D11-00A0C91BC942}") = "Vector", "Vector\Vector.vcxproj", "{DC2E12C7-8727-4A01-9722-B71EF882FA0D}"
EndProject
Project("{8BC9CEB8-8B4A-11D0-8D11-00A0C91BC942}") = "OOP", "OOP\OOP.vcxproj", "{D10B6759-C55A-400D-B548-4738A2ADF5D1}"
EndProject
Project("{8BC9CEB8-8B4A-11D0-8D11-00A0C91BC942}") = "OOP2", "OOP2\OOP2.vcxproj", "{37E8403B-C042-4B1A-9F73-65A610912713}"
EndProject
Project("{8BC9CEB8-8B4A-11D0-8D11-00A0C91BC942}") = "OOP3", "OOP3\OOP3.vcxproj", "{4D7CD5E1-E63D-4428-9A19-1A861FAD6960}"
EndProject
Project("{8BC9CEB8-8B4A-11D0-8D11-00A0C91BC942}") = "OOP4", "OOP4\OOP4.vcxproj", "{1D592A26-E544-4F6E-B1BC-61676456FB34}"
EndProject
Project("{8BC9CEB8-8B4A-11D0-8D11-00A0C91BC942}") = "OOP5", "OOP5\OOP5.vcxproj", "{7E59A070-3366-4115-8671-4C7617C838D1}"
EndProject
Project("{8BC9CEB8-8B4A-11D0-8D11-00A0C91BC942}") = "ofstream", "ofstream\ofstream.vcxproj", "{01E3A88F-7F62-445F-A4F5-1D8B16A2C634}"
EndProject
Global
	GlobalSection(SolutionConfigurationPlatforms) = preSolution
		Debug|x64 = Debug|x64
		Debug|x86 = Debug|x86
		Release|x64 = Release|x64
		Release|x86 = Release|x86
	EndGlobalSection
	GlobalSection(ProjectConfigurationPlatforms) = postSolution
		{2559DD64-A3DA-4EFE-A2E5-DFACAFE1C5E9}.Debug|x64.ActiveCfg = Debug|x64
		{2559DD64-A3DA-4EFE-A2E5-DFACAFE1C5E9}.Debug|x64.Build.0 = Debug|x64
		{2559DD64-A3DA-4EFE-A2E5-DFACAFE1C5E9}.Debug|x86.ActiveCfg = Debug|Win32
		{2559DD64-A3DA-4EFE-A2E5-DFACAFE1C5E9}.Debug|x86.Build.0 = Debug|Win32
		{2559DD64-A3DA-4EFE-A2E5-DFACAFE1C5E9}.Release|x64.ActiveCfg = Release|x64
		{2559DD64-A3DA-4EFE-A2E5-DFACAFE1C5E9}.Release|x64.Build.0 = Release|x64
		{2559DD64-A3DA-4EFE-A2E5-DFACAFE1C5E9}.Release|x86.ActiveCfg = Release|Win32
		{2559DD64-A3DA-4EFE-A2E5-DFACAFE1C5E9}.Release|x86.Build.0 = Release|Win32
		{88258B05-EDCC-478A-9721-AC78140A9F11}.Debug|x64.ActiveCfg = Debug|x64
		{88258B05-EDCC-478A-9721-AC78140A9F11}.Debug|x64.Build.0 = Debug|x64
		{88258B05-EDCC-478A-9721-AC78140A9F11}.Debug|x86.ActiveCfg = Debug|Win32
		{88258B05-EDCC-478A-9721-AC78140A9F11}.Debug|x86.Build.0 = Debug|Win32
		{88258B05-EDCC-478A-9721-AC78140A9F11}.Release|x64.ActiveCfg = Release|x64
		{88258B05-EDCC-478A-9721-AC78140A9F11}.Release|x64.Build.0 = Release|x64
		{88258B05-EDCC-478A-9721-AC78140A9F11}.Release|x86.ActiveCfg = Release|Win32
		{88258B05-EDCC-478A-9721-AC78140A9F11}.Release|x86.Build.0 = Release|Win32
		{E3CBE857-FD1A-4E76-A176-07E11827F2D9}.Debug|x64.ActiveCfg = Debug|x64
		{E3CBE857-FD1A-4E76-A176-07E11827F2D9}.Debug|x64.Build.0 = Debug|x64
		{E3CBE857-FD1A-4E76-A176-07E11827F2D9}.Debug|x86.ActiveCfg = Debug|Win32
		{E3CBE857-FD1A-4E76-A176-07E11827F2D9}.Debug|x86.Build.0 = Debug|Win32
		{E3CBE857-FD1A-4E76-A176-07E11827F2D9}.Release|x64.ActiveCfg = Release|x64
		{E3CBE857-FD1A-4E76-A176-07E11827F2D9}.Release|x64.Build.0 = Release|x64
		{E3CBE857-FD1A-4E76-A176-07E11827F2D9}.Release|x86.ActiveCfg = Release|Win32
		{E3CBE857-FD1A-4E76-A176-07E11827F2D9}.Release|x86.Build.0 = Release|Win32
		{7D80A1C3-4BCB-4803-A3C9-EB12F0DD3631}.Debug|x64.ActiveCfg = Debug|x64
		{7D80A1C3-4BCB-4803-A3C9-EB12F0DD3631}.Debug|x64.Build.0 = Debug|x64
		{7D80A1C3-4BCB-4803-A3C9-EB12F0DD3631}.Debug|x86.ActiveCfg = Debug|Win32
		{7D80A1C3-4BCB-4803-A3C9-EB12F0DD3631}.Debug|x86.Build.0 = Debug|Win32
		{7D80A1C3-4BCB-4803-A3C9-EB12F0DD3631}.Release|x64.ActiveCfg = Release|x64
		{7D80A1C3-4BCB-4803-A3C9-EB12F0DD3631}.Release|x64.Build.0 = Release|x64
		{7D80A1C3-4BCB-4803-A3C9-EB12F0DD3631}.Release|x86.ActiveCfg = Release|Win32
		{7D80A1C3-4BCB-4803-A3C9-EB12F0DD3631}.Release|x86.Build.0 = Release|Win32
		{D85B9261-ABAB-4392-AE6B-662A6649461A}.Debug|x64.ActiveCfg = Debug|x64
		{D85B9261-ABAB-4392-AE6B-662A6649461A}.Debug|x64.Build.0 = Debug|x64
		{D85B9261-ABAB-4392-AE6B-662A6649461A}.Debug|x86.ActiveCfg = Debug|Win32
		{D85B9261-ABAB-4392-AE6B-662A6649461A}.Debug|x86.Build.0 = Debug|Win32
		{D85B9261-ABAB-4392-AE6B-662A6649461A}.Release|x64.ActiveCfg = Release|x64
		{D85B9261-ABAB-4392-AE6B-662A6649461A}.Release|x64.Build.0 = Release|x64
		{D85B9261-ABAB-4392-AE6B-662A6649461A}.Release|x86.ActiveCfg = Release|Win32
		{D85B9261-ABAB-4392-AE6B-662A6649461A}.Release|x86.Build.0 = Release|Win32
		{9AE29658-EB99-4F6B-8399-999317110142}.Debug|x64.ActiveCfg = Debug|x64
		{9AE29658-EB99-4F6B-8399-999317110142}.Debug|x64.Build.0 = Debug|x64
		{9AE29658-EB99-4F6B-8399-999317110142}.Debug|x86.ActiveCfg = Debug|Win32
		{9AE29658-EB99-4F6B-8399-999317110142}.Debug|x86.Build.0 = Debug|Win32
		{9AE29658-EB99-4F6B-8399-999317110142}.Release|x64.ActiveCfg = Release|x64
		{9AE29658-EB99-4F6B-8399-999317110142}.Release|x64.Build.0 = Release|x64
		{9AE29658-EB99-4F6B-8399-999317110142}.Release|x86.ActiveCfg = Release|Win32
		{9AE29658-EB99-4F6B-8399-999317110142}.Release|x86.Build.0 = Release|Win32
		{E2D9C20C-A0E4-4846-B8B3-CA6610A330CE}.Debug|x64.ActiveCfg = Debug|x64
		{E2D9C20C-A0E4-4846-B8B3-CA6610A330CE}.Debug|x64.Build.0 = Debug|x64
		{E2D9C20C-A0E4-4846-B8B3-CA6610A330CE}.Debug|x86.ActiveCfg = Debug|Win32
		{E2D9C20C-A0E4-4846-B8B3-CA6610A330CE}.Debug|x86.Build.0 = Debug|Win32
		{E2D9C20C-A0E4-4846-B8B3-CA6610A330CE}.Release|x64.ActiveCfg = Release|x64
		{E2D9C20C-A0E4-4846-B8B3-CA6610A330CE}.Release|x64.Build.0 = Release|x64
		{E2D9C20C-A0E4-4846-B8B3-CA6610A330CE}.Release|x86.ActiveCfg = Release|Win32
		{E2D9C20C-A0E4-4846-B8B3-CA6610A330CE}.Release|x86.Build.0 = Release|Win32
		{DBF00A52-9211-4538-961B-E371E834F434}.Debug|x64.ActiveCfg = Debug|x64
		{DBF00A52-9211-4538-961B-E371E834F434}.Debug|x64.Build.0 = Debug|x64
		{DBF00A52-9211-4538-961B-E371E834F434}.Debug|x86.ActiveCfg = Debug|Win32
		{DBF00A52-9211-4538-961B-E371E834F434}.Debug|x86.Build.0 = Debug|Win32
		{DBF00A52-9211-4538-961B-E371E834F434}.Release|x64.ActiveCfg = Release|x64
		{DBF00A52-9211-4538-961B-E371E834F434}.Release|x64.Build.0 = Release|x64
		{DBF00A52-9211-4538-961B-E371E834F434}.Release|x86.ActiveCfg = Release|Win32
		{DBF00A52-9211-4538-961B-E371E834F434}.Release|x86.Build.0 = Release|Win32
		{6E5C0F54-0547-49AB-A577-3D84252B5ACD}.Debug|x64.ActiveCfg = Debug|x64
		{6E5C0F54-0547-49AB-A577-3D84252B5ACD}.Debug|x64.Build.0 = Debug|x64
		{6E5C0F54-0547-49AB-A577-3D84252B5ACD}.Debug|x86.ActiveCfg = Debug|Win32
		{6E5C0F54-0547-49AB-A577-3D84252B5ACD}.Debug|x86.Build.0 = Debug|Win32
		{6E5C0F54-0547-49AB-A577-3D84252B5ACD}.Release|x64.ActiveCfg = Release|x64
		{6E5C0F54-0547-49AB-A577-3D84252B5ACD}.Release|x64.Build.0 = Release|x64
		{6E5C0F54-0547-49AB-A577-3D84252B5ACD}.Release|x86.ActiveCfg = Release|Win32
		{6E5C0F54-0547-49AB-A577-3D84252B5ACD}.Release|x86.Build.0 = Release|Win32
		{BD3C8228-43FA-40EC-98D8-B20F42CFD2E7}.Debug|x64.ActiveCfg = Debug|x64
		{BD3C8228-43FA-40EC-98D8-B20F42CFD2E7}.Debug|x64.Build.0 = Debug|x64
		{BD3C8228-43FA-40EC-98D8-B20F42CFD2E7}.Debug|x86.ActiveCfg = Debug|Win32
		{BD3C8228-43FA-40EC-98D8-B20F42CFD2E7}.Debug|x86.Build.0 = Debug|Win32
		{BD3C8228-43FA-40EC-98D8-B20F42CFD2E7}.Release|x64.ActiveCfg = Release|x64
		{BD3C8228-43FA-40EC-98D8-B20F42CFD2E7}.Release|x64.Build.0 = Release|x64
		{BD3C8228-43FA-40EC-98D8-B20F42CFD2E7}.Release|x86.ActiveCfg = Release|Win32
		{BD3C8228-43FA-40EC-98D8-B20F42CFD2E7}.Release|x86.Build.0 = Release|Win32
		{63C1DAC7-208A-419D-ABE3-6831C8AAEBCC}.Debug|x64.ActiveCfg = Debug|x64
		{63C1DAC7-208A-419D-ABE3-6831C8AAEBCC}.Debug|x64.Build.0 = Debug|x64
		{63C1DAC7-208A-419D-ABE3-6831C8AAEBCC}.Debug|x86.ActiveCfg = Debug|Win32
		{63C1DAC7-208A-419D-ABE3-6831C8AAEBCC}.Debug|x86.Build.0 = Debug|Win32
		{63C1DAC7-208A-419D-ABE3-6831C8AAEBCC}.Release|x64.ActiveCfg = Release|x64
		{63C1DAC7-208A-419D-ABE3-6831C8AAEBCC}.Release|x64.Build.0 = Release|x64
		{63C1DAC7-208A-419D-ABE3-6831C8AAEBCC}.Release|x86.ActiveCfg = Release|Win32
		{63C1DAC7-208A-419D-ABE3-6831C8AAEBCC}.Release|x86.Build.0 = Release|Win32
		{C9FD5CED-D5C9-46A7-A4A3-2BF9B5B05F77}.Debug|x64.ActiveCfg = Debug|x64
		{C9FD5CED-D5C9-46A7-A4A3-2BF9B5B05F77}.Debug|x64.Build.0 = Debug|x64
		{C9FD5CED-D5C9-46A7-A4A3-2BF9B5B05F77}.Debug|x86.ActiveCfg = Debug|Win32
		{C9FD5CED-D5C9-46A7-A4A3-2BF9B5B05F77}.Debug|x86.Build.0 = Debug|Win32
		{C9FD5CED-D5C9-46A7-A4A3-2BF9B5B05F77}.Release|x64.ActiveCfg = Release|x64
		{C9FD5CED-D5C9-46A7-A4A3-2BF9B5B05F77}.Release|x64.Build.0 = Release|x64
		{C9FD5CED-D5C9-46A7-A4A3-2BF9B5B05F77}.Release|x86.ActiveCfg = Release|Win32
		{C9FD5CED-D5C9-46A7-A4A3-2BF9B5B05F77}.Release|x86.Build.0 = Release|Win32
		{4868B3AB-D4A8-41E7-AE66-CF67B394E9FB}.Debug|x64.ActiveCfg = Debug|x64
		{4868B3AB-D4A8-41E7-AE66-CF67B394E9FB}.Debug|x64.Build.0 = Debug|x64
		{4868B3AB-D4A8-41E7-AE66-CF67B394E9FB}.Debug|x86.ActiveCfg = Debug|Win32
		{4868B3AB-D4A8-41E7-AE66-CF67B394E9FB}.Debug|x86.Build.0 = Debug|Win32
		{4868B3AB-D4A8-41E7-AE66-CF67B394E9FB}.Release|x64.ActiveCfg = Release|x64
		{4868B3AB-D4A8-41E7-AE66-CF67B394E9FB}.Release|x64.Build.0 = Release|x64
		{4868B3AB-D4A8-41E7-AE66-CF67B394E9FB}.Release|x86.ActiveCfg = Release|Win32
		{4868B3AB-D4A8-41E7-AE66-CF67B394E9FB}.Release|x86.Build.0 = Release|Win32
		{FF66250D-300A-4C5E-B8FF-6DE4DA311D6F}.Debug|x64.ActiveCfg = Debug|x64
		{FF66250D-300A-4C5E-B8FF-6DE4DA311D6F}.Debug|x64.Build.0 = Debug|x64
		{FF66250D-300A-4C5E-B8FF-6DE4DA311D6F}.Debug|x86.ActiveCfg = Debug|Win32
		{FF66250D-300A-4C5E-B8FF-6DE4DA311D6F}.Debug|x86.Build.0 = Debug|Win32
		{FF66250D-300A-4C5E-B8FF-6DE4DA311D6F}.Release|x64.ActiveCfg = Release|x64
		{FF66250D-300A-4C5E-B8FF-6DE4DA311D6F}.Release|x64.Build.0 = Release|x64
		{FF66250D-300A-4C5E-B8FF-6DE4DA311D6F}.Release|x86.ActiveCfg = Release|Win32
		{FF66250D-300A-4C5E-B8FF-6DE4DA311D6F}.Release|x86.Build.0 = Release|Win32
		{52E75E51-A2B2-45FF-8013-89310DAD6BAD}.Debug|x64.ActiveCfg = Debug|x64
		{52E75E51-A2B2-45FF-8013-89310DAD6BAD}.Debug|x64.Build.0 = Debug|x64
		{52E75E51-A2B2-45FF-8013-89310DAD6BAD}.Debug|x86.ActiveCfg = Debug|Win32
		{52E75E51-A2B2-45FF-8013-89310DAD6BAD}.Debug|x86.Build.0 = Debug|Win32
		{52E75E51-A2B2-45FF-8013-89310DAD6BAD}.Release|x64.ActiveCfg = Release|x64
		{52E75E51-A2B2-45FF-8013-89310DAD6BAD}.Release|x64.Build.0 = Release|x64
		{52E75E51-A2B2-45FF-8013-89310DAD6BAD}.Release|x86.ActiveCfg = Release|Win32
		{52E75E51-A2B2-45FF-8013-89310DAD6BAD}.Release|x86.Build.0 = Release|Win32
		{0F1D37CC-2807-4513-AB23-A5BF03B1EF19}.Debug|x64.ActiveCfg = Debug|x64
		{0F1D37CC-2807-4513-AB23-A5BF03B1EF19}.Debug|x64.Build.0 = Debug|x64
		{0F1D37CC-2807-4513-AB23-A5BF03B1EF19}.Debug|x86.ActiveCfg = Debug|Win32
		{0F1D37CC-2807-4513-AB23-A5BF03B1EF19}.Debug|x86.Build.0 = Debug|Win32
		{0F1D37CC-2807-4513-AB23-A5BF03B1EF19}.Release|x64.ActiveCfg = Release|x64
		{0F1D37CC-2807-4513-AB23-A5BF03B1EF19}.Release|x64.Build.0 = Release|x64
		{0F1D37CC-2807-4513-AB23-A5BF03B1EF19}.Release|x86.ActiveCfg = Release|Win32
		{0F1D37CC-2807-4513-AB23-A5BF03B1EF19}.Release|x86.Build.0 = Release|Win32
		{19FC7253-A039-479D-B63A-1877218FE338}.Debug|x64.ActiveCfg = Debug|x64
		{19FC7253-A039-479D-B63A-1877218FE338}.Debug|x64.Build.0 = Debug|x64
		{19FC7253-A039-479D-B63A-1877218FE338}.Debug|x86.ActiveCfg = Debug|Win32
		{19FC7253-A039-479D-B63A-1877218FE338}.Debug|x86.Build.0 = Debug|Win32
		{19FC7253-A039-479D-B63A-1877218FE338}.Release|x64.ActiveCfg = Release|x64
		{19FC7253-A039-479D-B63A-1877218FE338}.Release|x64.Build.0 = Release|x64
		{19FC7253-A039-479D-B63A-1877218FE338}.Release|x86.ActiveCfg = Release|Win32
		{19FC7253-A039-479D-B63A-1877218FE338}.Release|x86.Build.0 = Release|Win32
		{B9C0AED5-B780-40DD-BB42-A863107F4604}.Debug|x64.ActiveCfg = Debug|x64
		{B9C0AED5-B780-40DD-BB42-A863107F4604}.Debug|x64.Build.0 = Debug|x64
		{B9C0AED5-B780-40DD-BB42-A863107F4604}.Debug|x86.ActiveCfg = Debug|Win32
		{B9C0AED5-B780-40DD-BB42-A863107F4604}.Debug|x86.Build.0 = Debug|Win32
		{B9C0AED5-B780-40DD-BB42-A863107F4604}.Release|x64.ActiveCfg = Release|x64
		{B9C0AED5-B780-40DD-BB42-A863107F4604}.Release|x64.Build.0 = Release|x64
		{B9C0AED5-B780-40DD-BB42-A863107F4604}.Release|x86.ActiveCfg = Release|Win32
		{B9C0AED5-B780-40DD-BB42-A863107F4604}.Release|x86.Build.0 = Release|Win32
		{F52AD8FC-EB04-485A-A516-74D008AF9167}.Debug|x64.ActiveCfg = Debug|x64
		{F52AD8FC-EB04-485A-A516-74D008AF9167}.Debug|x64.Build.0 = Debug|x64
		{F52AD8FC-EB04-485A-A516-74D008AF9167}.Debug|x86.ActiveCfg = Debug|Win32
		{F52AD8FC-EB04-485A-A516-74D008AF9167}.Debug|x86.Build.0 = Debug|Win32
		{F52AD8FC-EB04-485A-A516-74D008AF9167}.Release|x64.ActiveCfg = Release|x64
		{F52AD8FC-EB04-485A-A516-74D008AF9167}.Release|x64.Build.0 = Release|x64
		{F52AD8FC-EB04-485A-A516-74D008AF9167}.Release|x86.ActiveCfg = Release|Win32
		{F52AD8FC-EB04-485A-A516-74D008AF9167}.Release|x86.Build.0 = Release|Win32
		{B7F8C9AA-EA2A-4286-9BBA-BA23A23EAA42}.Debug|x64.ActiveCfg = Debug|x64
		{B7F8C9AA-EA2A-4286-9BBA-BA23A23EAA42}.Debug|x64.Build.0 = Debug|x64
		{B7F8C9AA-EA2A-4286-9BBA-BA23A23EAA42}.Debug|x86.ActiveCfg = Debug|Win32
		{B7F8C9AA-EA2A-4286-9BBA-BA23A23EAA42}.Debug|x86.Build.0 = Debug|Win32
		{B7F8C9AA-EA2A-4286-9BBA-BA23A23EAA42}.Release|x64.ActiveCfg = Release|x64
		{B7F8C9AA-EA2A-4286-9BBA-BA23A23EAA42}.Release|x64.Build.0 = Release|x64
		{B7F8C9AA-EA2A-4286-9BBA-BA23A23EAA42}.Release|x86.ActiveCfg = Release|Win32
		{B7F8C9AA-EA2A-4286-9BBA-BA23A23EAA42}.Release|x86.Build.0 = Release|Win32
		{B2C42529-38F0-4ED2-B1DB-D38BC26F10A2}.Debug|x64.ActiveCfg = Debug|x64
		{B2C42529-38F0-4ED2-B1DB-D38BC26F10A2}.Debug|x64.Build.0 = Debug|x64
		{B2C42529-38F0-4ED2-B1DB-D38BC26F10A2}.Debug|x86.ActiveCfg = Debug|Win32
		{B2C42529-38F0-4ED2-B1DB-D38BC26F10A2}.Debug|x86.Build.0 = Debug|Win32
		{B2C42529-38F0-4ED2-B1DB-D38BC26F10A2}.Release|x64.ActiveCfg = Release|x64
		{B2C42529-38F0-4ED2-B1DB-D38BC26F10A2}.Release|x64.Build.0 = Release|x64
		{B2C42529-38F0-4ED2-B1DB-D38BC26F10A2}.Release|x86.ActiveCfg = Release|Win32
		{B2C42529-38F0-4ED2-B1DB-D38BC26F10A2}.Release|x86.Build.0 = Release|Win32
		{5933C790-0976-4681-A14D-E2520D93BC01}.Debug|x64.ActiveCfg = Debug|x64
		{5933C790-0976-4681-A14D-E2520D93BC01}.Debug|x64.Build.0 = Debug|x64
		{5933C790-0976-4681-A14D-E2520D93BC01}.Debug|x86.ActiveCfg = Debug|Win32
		{5933C790-0976-4681-A14D-E2520D93BC01}.Debug|x86.Build.0 = Debug|Win32
		{5933C790-0976-4681-A14D-E2520D93BC01}.Release|x64.ActiveCfg = Release|x64
		{5933C790-0976-4681-A14D-E2520D93BC01}.Release|x64.Build.0 = Release|x64
		{5933C790-0976-4681-A14D-E2520D93BC01}.Release|x86.ActiveCfg = Release|Win32
		{5933C790-0976-4681-A14D-E2520D93BC01}.Release|x86.Build.0 = Release|Win32
		{168AAE7A-3EC4-4B2F-9FCF-A32609E45865}.Debug|x64.ActiveCfg = Debug|x64
		{168AAE7A-3EC4-4B2F-9FCF-A32609E45865}.Debug|x64.Build.0 = Debug|x64
		{168AAE7A-3EC4-4B2F-9FCF-A32609E45865}.Debug|x86.ActiveCfg = Debug|Win32
		{168AAE7A-3EC4-4B2F-9FCF-A32609E45865}.Debug|x86.Build.0 = Debug|Win32
		{168AAE7A-3EC4-4B2F-9FCF-A32609E45865}.Release|x64.ActiveCfg = Release|x64
		{168AAE7A-3EC4-4B2F-9FCF-A32609E45865}.Release|x64.Build.0 = Release|x64
		{168AAE7A-3EC4-4B2F-9FCF-A32609E45865}.Release|x86.ActiveCfg = Release|Win32
		{168AAE7A-3EC4-4B2F-9FCF-A32609E45865}.Release|x86.Build.0 = Release|Win32
		{A1A59DE1-E220-4F9A-B159-27B01F6FE72F}.Debug|x64.ActiveCfg = Debug|x64
		{A1A59DE1-E220-4F9A-B159-27B01F6FE72F}.Debug|x64.Build.0 = Debug|x64
		{A1A59DE1-E220-4F9A-B159-27B01F6FE72F}.Debug|x86.ActiveCfg = Debug|Win32
		{A1A59DE1-E220-4F9A-B159-27B01F6FE72F}.Debug|x86.Build.0 = Debug|Win32
		{A1A59DE1-E220-4F9A-B159-27B01F6FE72F}.Release|x64.ActiveCfg = Release|x64
		{A1A59DE1-E220-4F9A-B159-27B01F6FE72F}.Release|x64.Build.0 = Release|x64
		{A1A59DE1-E220-4F9A-B159-27B01F6FE72F}.Release|x86.ActiveCfg = Release|Win32
		{A1A59DE1-E220-4F9A-B159-27B01F6FE72F}.Release|x86.Build.0 = Release|Win32
		{05EF6A2B-371F-46E9-8631-6E116074F989}.Debug|x64.ActiveCfg = Debug|x64
		{05EF6A2B-371F-46E9-8631-6E116074F989}.Debug|x64.Build.0 = Debug|x64
		{05EF6A2B-371F-46E9-8631-6E116074F989}.Debug|x86.ActiveCfg = Debug|Win32
		{05EF6A2B-371F-46E9-8631-6E116074F989}.Debug|x86.Build.0 = Debug|Win32
		{05EF6A2B-371F-46E9-8631-6E116074F989}.Release|x64.ActiveCfg = Release|x64
		{05EF6A2B-371F-46E9-8631-6E116074F989}.Release|x64.Build.0 = Release|x64
		{05EF6A2B-371F-46E9-8631-6E116074F989}.Release|x86.ActiveCfg = Release|Win32
		{05EF6A2B-371F-46E9-8631-6E116074F989}.Release|x86.Build.0 = Release|Win32
		{BC69A6AF-A400-430E-B07B-F924785D94BF}.Debug|x64.ActiveCfg = Debug|x64
		{BC69A6AF-A400-430E-B07B-F924785D94BF}.Debug|x64.Build.0 = Debug|x64
		{BC69A6AF-A400-430E-B07B-F924785D94BF}.Debug|x86.ActiveCfg = Debug|Win32
		{BC69A6AF-A400-430E-B07B-F924785D94BF}.Debug|x86.Build.0 = Debug|Win32
		{BC69A6AF-A400-430E-B07B-F924785D94BF}.Release|x64.ActiveCfg = Release|x64
		{BC69A6AF-A400-430E-B07B-F924785D94BF}.Release|x64.Build.0 = Release|x64
		{BC69A6AF-A400-430E-B07B-F924785D94BF}.Release|x86.ActiveCfg = Release|Win32
		{BC69A6AF-A400-430E-B07B-F924785D94BF}.Release|x86.Build.0 = Release|Win32
		{D3D9C7DF-1025-42D8-958D-DE54F0BF9E76}.Debug|x64.ActiveCfg = Debug|x64
		{D3D9C7DF-1025-42D8-958D-DE54F0BF9E76}.Debug|x64.Build.0 = Debug|x64
		{D3D9C7DF-1025-42D8-958D-DE54F0BF9E76}.Debug|x86.ActiveCfg = Debug|Win32
		{D3D9C7DF-1025-42D8-958D-DE54F0BF9E76}.Debug|x86.Build.0 = Debug|Win32
		{D3D9C7DF-1025-42D8-958D-DE54F0BF9E76}.Release|x64.ActiveCfg = Release|x64
		{D3D9C7DF-1025-42D8-958D-DE54F0BF9E76}.Release|x64.Build.0 = Release|x64
		{D3D9C7DF-1025-42D8-958D-DE54F0BF9E76}.Release|x86.ActiveCfg = Release|Win32
		{D3D9C7DF-1025-42D8-958D-DE54F0BF9E76}.Release|x86.Build.0 = Release|Win32
		{B17901E4-DC67-4005-A1D5-28473EC303B0}.Debug|x64.ActiveCfg = Debug|x64
		{B17901E4-DC67-4005-A1D5-28473EC303B0}.Debug|x64.Build.0 = Debug|x64
		{B17901E4-DC67-4005-A1D5-28473EC303B0}.Debug|x86.ActiveCfg = Debug|Win32
		{B17901E4-DC67-4005-A1D5-28473EC303B0}.Debug|x86.Build.0 = Debug|Win32
		{B17901E4-DC67-4005-A1D5-28473EC303B0}.Release|x64.ActiveCfg = Release|x64
		{B17901E4-DC67-4005-A1D5-28473EC303B0}.Release|x64.Build.0 = Release|x64
		{B17901E4-DC67-4005-A1D5-28473EC303B0}.Release|x86.ActiveCfg = Release|Win32
		{B17901E4-DC67-4005-A1D5-28473EC303B0}.Release|x86.Build.0 = Release|Win32
		{A6B78579-E263-43C1-A2E2-BA247E016716}.Debug|x64.ActiveCfg = Debug|x64
		{A6B78579-E263-43C1-A2E2-BA247E016716}.Debug|x64.Build.0 = Debug|x64
		{A6B78579-E263-43C1-A2E2-BA247E016716}.Debug|x86.ActiveCfg = Debug|Win32
		{A6B78579-E263-43C1-A2E2-BA247E016716}.Debug|x86.Build.0 = Debug|Win32
		{A6B78579-E263-43C1-A2E2-BA247E016716}.Release|x64.ActiveCfg = Release|x64
		{A6B78579-E263-43C1-A2E2-BA247E016716}.Release|x64.Build.0 = Release|x64
		{A6B78579-E263-43C1-A2E2-BA247E016716}.Release|x86.ActiveCfg = Release|Win32
		{A6B78579-E263-43C1-A2E2-BA247E016716}.Release|x86.Build.0 = Release|Win32
		{A3D5211E-58A7-4F3F-BB1E-8AD14F430398}.Debug|x64.ActiveCfg = Debug|x64
		{A3D5211E-58A7-4F3F-BB1E-8AD14F430398}.Debug|x64.Build.0 = Debug|x64
		{A3D5211E-58A7-4F3F-BB1E-8AD14F430398}.Debug|x86.ActiveCfg = Debug|Win32
		{A3D5211E-58A7-4F3F-BB1E-8AD14F430398}.Debug|x86.Build.0 = Debug|Win32
		{A3D5211E-58A7-4F3F-BB1E-8AD14F430398}.Release|x64.ActiveCfg = Release|x64
		{A3D5211E-58A7-4F3F-BB1E-8AD14F430398}.Release|x64.Build.0 = Release|x64
		{A3D5211E-58A7-4F3F-BB1E-8AD14F430398}.Release|x86.ActiveCfg = Release|Win32
		{A3D5211E-58A7-4F3F-BB1E-8AD14F430398}.Release|x86.Build.0 = Release|Win32
		{B71927BA-E197-4838-B594-4A341F240387}.Debug|x64.ActiveCfg = Debug|x64
		{B71927BA-E197-4838-B594-4A341F240387}.Debug|x64.Build.0 = Debug|x64
		{B71927BA-E197-4838-B594-4A341F240387}.Debug|x86.ActiveCfg = Debug|Win32
		{B71927BA-E197-4838-B594-4A341F240387}.Debug|x86.Build.0 = Debug|Win32
		{B71927BA-E197-4838-B594-4A341F240387}.Release|x64.ActiveCfg = Release|x64
		{B71927BA-E197-4838-B594-4A341F240387}.Release|x64.Build.0 = Release|x64
		{B71927BA-E197-4838-B594-4A341F240387}.Release|x86.ActiveCfg = Release|Win32
		{B71927BA-E197-4838-B594-4A341F240387}.Release|x86.Build.0 = Release|Win32
		{A0599189-DC21-4186-A02A-5955F9D018DE}.Debug|x64.ActiveCfg = Debug|x64
		{A0599189-DC21-4186-A02A-5955F9D018DE}.Debug|x64.Build.0 = Debug|x64
		{A0599189-DC21-4186-A02A-5955F9D018DE}.Debug|x86.ActiveCfg = Debug|Win32
		{A0599189-DC21-4186-A02A-5955F9D018DE}.Debug|x86.Build.0 = Debug|Win32
		{A0599189-DC21-4186-A02A-5955F9D018DE}.Release|x64.ActiveCfg = Release|x64
		{A0599189-DC21-4186-A02A-5955F9D018DE}.Release|x64.Build.0 = Release|x64
		{A0599189-DC21-4186-A02A-5955F9D018DE}.Release|x86.ActiveCfg = Release|Win32
		{A0599189-DC21-4186-A02A-5955F9D018DE}.Release|x86.Build.0 = Release|Win32
		{64268A94-4169-4A96-946D-12A2EC46D346}.Debug|x64.ActiveCfg = Debug|x64
		{64268A94-4169-4A96-946D-12A2EC46D346}.Debug|x64.Build.0 = Debug|x64
		{64268A94-4169-4A96-946D-12A2EC46D346}.Debug|x86.ActiveCfg = Debug|Win32
		{64268A94-4169-4A96-946D-12A2EC46D346}.Debug|x86.Build.0 = Debug|Win32
		{64268A94-4169-4A96-946D-12A2EC46D346}.Release|x64.ActiveCfg = Release|x64
		{64268A94-4169-4A96-946D-12A2EC46D346}.Release|x64.Build.0 = Release|x64
		{64268A94-4169-4A96-946D-12A2EC46D346}.Release|x86.ActiveCfg = Release|Win32
		{64268A94-4169-4A96-946D-12A2EC46D346}.Release|x86.Build.0 = Release|Win32
		{E9959EA4-2C68-4DF2-BB79-39800AEF1967}.Debug|x64.ActiveCfg = Debug|x64
		{E9959EA4-2C68-4DF2-BB79-39800AEF1967}.Debug|x64.Build.0 = Debug|x64
		{E9959EA4-2C68-4DF2-BB79-39800AEF1967}.Debug|x86.ActiveCfg = Debug|Win32
		{E9959EA4-2C68-4DF2-BB79-39800AEF1967}.Debug|x86.Build.0 = Debug|Win32
		{E9959EA4-2C68-4DF2-BB79-39800AEF1967}.Release|x64.ActiveCfg = Release|x64
		{E9959EA4-2C68-4DF2-BB79-39800AEF1967}.Release|x64.Build.0 = Release|x64
		{E9959EA4-2C68-4DF2-BB79-39800AEF1967}.Release|x86.ActiveCfg = Release|Win32
		{E9959EA4-2C68-4DF2-BB79-39800AEF1967}.Release|x86.Build.0 = Release|Win32
		{3A4E1132-F166-4F2E-AEA5-E88801F029BA}.Debug|x64.ActiveCfg = Debug|x64
		{3A4E1132-F166-4F2E-AEA5-E88801F029BA}.Debug|x64.Build.0 = Debug|x64
		{3A4E1132-F166-4F2E-AEA5-E88801F029BA}.Debug|x86.ActiveCfg = Debug|Win32
		{3A4E1132-F166-4F2E-AEA5-E88801F029BA}.Debug|x86.Build.0 = Debug|Win32
		{3A4E1132-F166-4F2E-AEA5-E88801F029BA}.Release|x64.ActiveCfg = Release|x64
		{3A4E1132-F166-4F2E-AEA5-E88801F029BA}.Release|x64.Build.0 = Release|x64
		{3A4E1132-F166-4F2E-AEA5-E88801F029BA}.Release|x86.ActiveCfg = Release|Win32
		{3A4E1132-F166-4F2E-AEA5-E88801F029BA}.Release|x86.Build.0 = Release|Win32
		{8610E307-9EDB-4EA6-9545-9F3B88609F91}.Debug|x64.ActiveCfg = Debug|x64
		{8610E307-9EDB-4EA6-9545-9F3B88609F91}.Debug|x64.Build.0 = Debug|x64
		{8610E307-9EDB-4EA6-9545-9F3B88609F91}.Debug|x86.ActiveCfg = Debug|Win32
		{8610E307-9EDB-4EA6-9545-9F3B88609F91}.Debug|x86.Build.0 = Debug|Win32
		{8610E307-9EDB-4EA6-9545-9F3B88609F91}.Release|x64.ActiveCfg = Release|x64
		{8610E307-9EDB-4EA6-9545-9F3B88609F91}.Release|x64.Build.0 = Release|x64
		{8610E307-9EDB-4EA6-9545-9F3B88609F91}.Release|x86.ActiveCfg = Release|Win32
		{8610E307-9EDB-4EA6-9545-9F3B88609F91}.Release|x86.Build.0 = Release|Win32
		{D4E886FC-6175-4A07-8DE2-0BDE5097E83D}.Debug|x64.ActiveCfg = Debug|x64
		{D4E886FC-6175-4A07-8DE2-0BDE5097E83D}.Debug|x64.Build.0 = Debug|x64
		{D4E886FC-6175-4A07-8DE2-0BDE5097E83D}.Debug|x86.ActiveCfg = Debug|Win32
		{D4E886FC-6175-4A07-8DE2-0BDE5097E83D}.Debug|x86.Build.0 = Debug|Win32
		{D4E886FC-6175-4A07-8DE2-0BDE5097E83D}.Release|x64.ActiveCfg = Release|x64
		{D4E886FC-6175-4A07-8DE2-0BDE5097E83D}.Release|x64.Build.0 = Release|x64
		{D4E886FC-6175-4A07-8DE2-0BDE5097E83D}.Release|x86.ActiveCfg = Release|Win32
		{D4E886FC-6175-4A07-8DE2-0BDE5097E83D}.Release|x86.Build.0 = Release|Win32
		{7132714D-A857-4F06-AB10-D269EA7EA0A0}.Debug|x64.ActiveCfg = Debug|x64
		{7132714D-A857-4F06-AB10-D269EA7EA0A0}.Debug|x64.Build.0 = Debug|x64
		{7132714D-A857-4F06-AB10-D269EA7EA0A0}.Debug|x86.ActiveCfg = Debug|Win32
		{7132714D-A857-4F06-AB10-D269EA7EA0A0}.Debug|x86.Build.0 = Debug|Win32
		{7132714D-A857-4F06-AB10-D269EA7EA0A0}.Release|x64.ActiveCfg = Release|x64
		{7132714D-A857-4F06-AB10-D269EA7EA0A0}.Release|x64.Build.0 = Release|x64
		{7132714D-A857-4F06-AB10-D269EA7EA0A0}.Release|x86.ActiveCfg = Release|Win32
		{7132714D-A857-4F06-AB10-D269EA7EA0A0}.Release|x86.Build.0 = Release|Win32
		{973BE8E5-D21E-4292-A609-BA0AEBEDF9AD}.Debug|x64.ActiveCfg = Debug|x64
		{973BE8E5-D21E-4292-A609-BA0AEBEDF9AD}.Debug|x64.Build.0 = Debug|x64
		{973BE8E5-D21E-4292-A609-BA0AEBEDF9AD}.Debug|x86.ActiveCfg = Debug|Win32
		{973BE8E5-D21E-4292-A609-BA0AEBEDF9AD}.Debug|x86.Build.0 = Debug|Win32
		{973BE8E5-D21E-4292-A609-BA0AEBEDF9AD}.Release|x64.ActiveCfg = Release|x64
		{973BE8E5-D21E-4292-A609-BA0AEBEDF9AD}.Release|x64.Build.0 = Release|x64
		{973BE8E5-D21E-4292-A609-BA0AEBEDF9AD}.Release|x86.ActiveCfg = Release|Win32
		{973BE8E5-D21E-4292-A609-BA0AEBEDF9AD}.Release|x86.Build.0 = Release|Win32
		{3C612E95-3FA2-491C-A3D4-8FFA5D0B4A21}.Debug|x64.ActiveCfg = Debug|x64
		{3C612E95-3FA2-491C-A3D4-8FFA5D0B4A21}.Debug|x64.Build.0 = Debug|x64
		{3C612E95-3FA2-491C-A3D4-8FFA5D0B4A21}.Debug|x86.ActiveCfg = Debug|Win32
		{3C612E95-3FA2-491C-A3D4-8FFA5D0B4A21}.Debug|x86.Build.0 = Debug|Win32
		{3C612E95-3FA2-491C-A3D4-8FFA5D0B4A21}.Release|x64.ActiveCfg = Release|x64
		{3C612E95-3FA2-491C-A3D4-8FFA5D0B4A21}.Release|x64.Build.0 = Release|x64
		{3C612E95-3FA2-491C-A3D4-8FFA5D0B4A21}.Release|x86.ActiveCfg = Release|Win32
		{3C612E95-3FA2-491C-A3D4-8FFA5D0B4A21}.Release|x86.Build.0 = Release|Win32
		{2E6ED952-662A-423B-9800-E1B4C5041A3C}.Debug|x64.ActiveCfg = Debug|x64
		{2E6ED952-662A-423B-9800-E1B4C5041A3C}.Debug|x64.Build.0 = Debug|x64
		{2E6ED952-662A-423B-9800-E1B4C5041A3C}.Debug|x86.ActiveCfg = Debug|Win32
		{2E6ED952-662A-423B-9800-E1B4C5041A3C}.Debug|x86.Build.0 = Debug|Win32
		{2E6ED952-662A-423B-9800-E1B4C5041A3C}.Release|x64.ActiveCfg = Release|x64
		{2E6ED952-662A-423B-9800-E1B4C5041A3C}.Release|x64.Build.0 = Release|x64
		{2E6ED952-662A-423B-9800-E1B4C5041A3C}.Release|x86.ActiveCfg = Release|Win32
		{2E6ED952-662A-423B-9800-E1B4C5041A3C}.Release|x86.Build.0 = Release|Win32
		{15D0C549-9263-4C00-990D-7E93CDA9FFD6}.Debug|x64.ActiveCfg = Debug|x64
		{15D0C549-9263-4C00-990D-7E93CDA9FFD6}.Debug|x64.Build.0 = Debug|x64
		{15D0C549-9263-4C00-990D-7E93CDA9FFD6}.Debug|x86.ActiveCfg = Debug|Win32
		{15D0C549-9263-4C00-990D-7E93CDA9FFD6}.Debug|x86.Build.0 = Debug|Win32
		{15D0C549-9263-4C00-990D-7E93CDA9FFD6}.Release|x64.ActiveCfg = Release|x64
		{15D0C549-9263-4C00-990D-7E93CDA9FFD6}.Release|x64.Build.0 = Release|x64
		{15D0C549-9263-4C00-990D-7E93CDA9FFD6}.Release|x86.ActiveCfg = Release|Win32
		{15D0C549-9263-4C00-990D-7E93CDA9FFD6}.Release|x86.Build.0 = Release|Win32
		{3B4B925E-41A2-4703-9BF3-7B7BA32B7EF8}.Debug|x64.ActiveCfg = Debug|x64
		{3B4B925E-41A2-4703-9BF3-7B7BA32B7EF8}.Debug|x64.Build.0 = Debug|x64
		{3B4B925E-41A2-4703-9BF3-7B7BA32B7EF8}.Debug|x86.ActiveCfg = Debug|Win32
		{3B4B925E-41A2-4703-9BF3-7B7BA32B7EF8}.Debug|x86.Build.0 = Debug|Win32
		{3B4B925E-41A2-4703-9BF3-7B7BA32B7EF8}.Release|x64.ActiveCfg = Release|x64
		{3B4B925E-41A2-4703-9BF3-7B7BA32B7EF8}.Release|x64.Build.0 = Release|x64
		{3B4B925E-41A2-4703-9BF3-7B7BA32B7EF8}.Release|x86.ActiveCfg = Release|Win32
		{3B4B925E-41A2-4703-9BF3-7B7BA32B7EF8}.Release|x86.Build.0 = Release|Win32
		{7C745B92-7A41-45E5-A9A1-3B5BD793BBA3}.Debug|x64.ActiveCfg = Debug|x64
		{7C745B92-7A41-45E5-A9A1-3B5BD793BBA3}.Debug|x64.Build.0 = Debug|x64
		{7C745B92-7A41-45E5-A9A1-3B5BD793BBA3}.Debug|x86.ActiveCfg = Debug|Win32
		{7C745B92-7A41-45E5-A9A1-3B5BD793BBA3}.Debug|x86.Build.0 = Debug|Win32
		{7C745B92-7A41-45E5-A9A1-3B5BD793BBA3}.Release|x64.ActiveCfg = Release|x64
		{7C745B92-7A41-45E5-A9A1-3B5BD793BBA3}.Release|x64.Build.0 = Release|x64
		{7C745B92-7A41-45E5-A9A1-3B5BD793BBA3}.Release|x86.ActiveCfg = Release|Win32
		{7C745B92-7A41-45E5-A9A1-3B5BD793BBA3}.Release|x86.Build.0 = Release|Win32
		{2B51C973-4BC5-41C3-88F9-359CA1A32AE9}.Debug|x64.ActiveCfg = Debug|x64
		{2B51C973-4BC5-41C3-88F9-359CA1A32AE9}.Debug|x64.Build.0 = Debug|x64
		{2B51C973-4BC5-41C3-88F9-359CA1A32AE9}.Debug|x86.ActiveCfg = Debug|Win32
		{2B51C973-4BC5-41C3-88F9-359CA1A32AE9}.Debug|x86.Build.0 = Debug|Win32
		{2B51C973-4BC5-41C3-88F9-359CA1A32AE9}.Release|x64.ActiveCfg = Release|x64
		{2B51C973-4BC5-41C3-88F9-359CA1A32AE9}.Release|x64.Build.0 = Release|x64
		{2B51C973-4BC5-41C3-88F9-359CA1A32AE9}.Release|x86.ActiveCfg = Release|Win32
		{2B51C973-4BC5-41C3-88F9-359CA1A32AE9}.Release|x86.Build.0 = Release|Win32
		{53D3A706-CEF4-4618-9FC5-070F6530F53D}.Debug|x64.ActiveCfg = Debug|x64
		{53D3A706-CEF4-4618-9FC5-070F6530F53D}.Debug|x64.Build.0 = Debug|x64
		{53D3A706-CEF4-4618-9FC5-070F6530F53D}.Debug|x86.ActiveCfg = Debug|Win32
		{53D3A706-CEF4-4618-9FC5-070F6530F53D}.Debug|x86.Build.0 = Debug|Win32
		{53D3A706-CEF4-4618-9FC5-070F6530F53D}.Release|x64.ActiveCfg = Release|x64
		{53D3A706-CEF4-4618-9FC5-070F6530F53D}.Release|x64.Build.0 = Release|x64
		{53D3A706-CEF4-4618-9FC5-070F6530F53D}.Release|x86.ActiveCfg = Release|Win32
		{53D3A706-CEF4-4618-9FC5-070F6530F53D}.Release|x86.Build.0 = Release|Win32
		{6458AD66-5C01-430B-BF55-52A78F0A35ED}.Debug|x64.ActiveCfg = Debug|x64
		{6458AD66-5C01-430B-BF55-52A78F0A35ED}.Debug|x64.Build.0 = Debug|x64
		{6458AD66-5C01-430B-BF55-52A78F0A35ED}.Debug|x86.ActiveCfg = Debug|Win32
		{6458AD66-5C01-430B-BF55-52A78F0A35ED}.Debug|x86.Build.0 = Debug|Win32
		{6458AD66-5C01-430B-BF55-52A78F0A35ED}.Release|x64.ActiveCfg = Release|x64
		{6458AD66-5C01-430B-BF55-52A78F0A35ED}.Release|x64.Build.0 = Release|x64
		{6458AD66-5C01-430B-BF55-52A78F0A35ED}.Release|x86.ActiveCfg = Release|Win32
		{6458AD66-5C01-430B-BF55-52A78F0A35ED}.Release|x86.Build.0 = Release|Win32
		{DC2E12C7-8727-4A01-9722-B71EF882FA0D}.Debug|x64.ActiveCfg = Debug|x64
		{DC2E12C7-8727-4A01-9722-B71EF882FA0D}.Debug|x64.Build.0 = Debug|x64
		{DC2E12C7-8727-4A01-9722-B71EF882FA0D}.Debug|x86.ActiveCfg = Debug|Win32
		{DC2E12C7-8727-4A01-9722-B71EF882FA0D}.Debug|x86.Build.0 = Debug|Win32
		{DC2E12C7-8727-4A01-9722-B71EF882FA0D}.Release|x64.ActiveCfg = Release|x64
		{DC2E12C7-8727-4A01-9722-B71EF882FA0D}.Release|x64.Build.0 = Release|x64
		{DC2E12C7-8727-4A01-9722-B71EF882FA0D}.Release|x86.ActiveCfg = Release|Win32
		{DC2E12C7-8727-4A01-9722-B71EF882FA0D}.Release|x86.Build.0 = Release|Win32
		{D10B6759-C55A-400D-B548-4738A2ADF5D1}.Debug|x64.ActiveCfg = Debug|x64
		{D10B6759-C55A-400D-B548-4738A2ADF5D1}.Debug|x64.Build.0 = Debug|x64
		{D10B6759-C55A-400D-B548-4738A2ADF5D1}.Debug|x86.ActiveCfg = Debug|Win32
		{D10B6759-C55A-400D-B548-4738A2ADF5D1}.Debug|x86.Build.0 = Debug|Win32
		{D10B6759-C55A-400D-B548-4738A2ADF5D1}.Release|x64.ActiveCfg = Release|x64
		{D10B6759-C55A-400D-B548-4738A2ADF5D1}.Release|x64.Build.0 = Release|x64
		{D10B6759-C55A-400D-B548-4738A2ADF5D1}.Release|x86.ActiveCfg = Release|Win32
		{D10B6759-C55A-400D-B548-4738A2ADF5D1}.Release|x86.Build.0 = Release|Win32
		{37E8403B-C042-4B1A-9F73-65A610912713}.Debug|x64.ActiveCfg = Debug|x64
		{37E8403B-C042-4B1A-9F73-65A610912713}.Debug|x64.Build.0 = Debug|x64
		{37E8403B-C042-4B1A-9F73-65A610912713}.Debug|x86.ActiveCfg = Debug|Win32
		{37E8403B-C042-4B1A-9F73-65A610912713}.Debug|x86.Build.0 = Debug|Win32
		{37E8403B-C042-4B1A-9F73-65A610912713}.Release|x64.ActiveCfg = Release|x64
		{37E8403B-C042-4B1A-9F73-65A610912713}.Release|x64.Build.0 = Release|x64
		{37E8403B-C042-4B1A-9F73-65A610912713}.Release|x86.ActiveCfg = Release|Win32
		{37E8403B-C042-4B1A-9F73-65A610912713}.Release|x86.Build.0 = Release|Win32
		{4D7CD5E1-E63D-4428-9A19-1A861FAD6960}.Debug|x64.ActiveCfg = Debug|x64
		{4D7CD5E1-E63D-4428-9A19-1A861FAD6960}.Debug|x64.Build.0 = Debug|x64
		{4D7CD5E1-E63D-4428-9A19-1A861FAD6960}.Debug|x86.ActiveCfg = Debug|Win32
		{4D7CD5E1-E63D-4428-9A19-1A861FAD6960}.Debug|x86.Build.0 = Debug|Win32
		{4D7CD5E1-E63D-4428-9A19-1A861FAD6960}.Release|x64.ActiveCfg = Release|x64
		{4D7CD5E1-E63D-4428-9A19-1A861FAD6960}.Release|x64.Build.0 = Release|x64
		{4D7CD5E1-E63D-4428-9A19-1A861FAD6960}.Release|x86.ActiveCfg = Release|Win32
		{4D7CD5E1-E63D-4428-9A19-1A861FAD6960}.Release|x86.Build.0 = Release|Win32
		{1D592A26-E544-4F6E-B1BC-61676456FB34}.Debug|x64.ActiveCfg = Debug|x64
		{1D592A26-E544-4F6E-B1BC-61676456FB34}.Debug|x64.Build.0 = Debug|x64
		{1D592A26-E544-4F6E-B1BC-61676456FB34}.Debug|x86.ActiveCfg = Debug|Win32
		{1D592A26-E544-4F6E-B1BC-61676456FB34}.Debug|x86.Build.0 = Debug|Win32
		{1D592A26-E544-4F6E-B1BC-61676456FB34}.Release|x64.ActiveCfg = Release|x64
		{1D592A26-E544-4F6E-B1BC-61676456FB34}.Release|x64.Build.0 = Release|x64
		{1D592A26-E544-4F6E-B1BC-61676456FB34}.Release|x86.ActiveCfg = Release|Win32
		{1D592A26-E544-4F6E-B1BC-61676456FB34}.Release|x86.Build.0 = Release|Win32
		{7E59A070-3366-4115-8671-4C7617C838D1}.Debug|x64.ActiveCfg = Debug|x64
		{7E59A070-3366-4115-8671-4C7617C838D1}.Debug|x64.Build.0 = Debug|x64
		{7E59A070-3366-4115-8671-4C7617C838D1}.Debug|x86.ActiveCfg = Debug|Win32
		{7E59A070-3366-4115-8671-4C7617C838D1}.Debug|x86.Build.0 = Debug|Win32
		{7E59A070-3366-4115-8671-4C7617C838D1}.Release|x64.ActiveCfg = Release|x64
		{7E59A070-3366-4115-8671-4C7617C838D1}.Release|x64.Build.0 = Release|x64
		{7E59A070-3366-4115-8671-4C7617C838D1}.Release|x86.ActiveCfg = Release|Win32
		{7E59A070-3366-4115-8671-4C7617C838D1}.Release|x86.Build.0 = Release|Win32
		{01E3A88F-7F62-445F-A4F5-1D8B16A2C634}.Debug|x64.ActiveCfg = Debug|x64
		{01E3A88F-7F62-445F-A4F5-1D8B16A2C634}.Debug|x64.Build.0 = Debug|x64
		{01E3A88F-7F62-445F-A4F5-1D8B16A2C634}.Debug|x86.ActiveCfg = Debug|Win32
		{01E3A88F-7F62-445F-A4F5-1D8B16A2C634}.Debug|x86.Build.0 = Debug|Win32
		{01E3A88F-7F62-445F-A4F5-1D8B16A2C634}.Release|x64.ActiveCfg = Release|x64
		{01E3A88F-7F62-445F-A4F5-1D8B16A2C634}.Release|x64.Build.0 = Release|x64
		{01E3A88F-7F62-445F-A4F5-1D8B16A2C634}.Release|x86.ActiveCfg = Release|Win32
		{01E3A88F-7F62-445F-A4F5-1D8B16A2C634}.Release|x86.Build.0 = Release|Win32
	EndGlobalSection
	GlobalSection(SolutionProperties) = preSolution
		HideSolutionNode = FALSE
	EndGlobalSection
	GlobalSection(ExtensibilityGlobals) = postSolution
		SolutionGuid = {8782D31B-C815-411E-9C2C-F94BD0B92558}
	EndGlobalSection
EndGlobal
